
Microsoft Visual Studio Solution File, Format Version 12.00
# Visual Studio Version 17
VisualStudioVersion = 17.4.33213.308
MinimumVisualStudioVersion = 10.0.40219.1
Project("{9A19103F-16F7-4668-BE54-9A1E7A4F7556}") = "CursoCSharp", "CursoCSharp.csproj", "{BD1E54F0-D092-486E-B767-155A130F3888}"
EndProject
Project("{9A19103F-16F7-4668-BE54-9A1E7A4F7556}") = "Encapsulamento", "..\Encapsulamento\Encapsulamento.csproj", "{124AFFBF-5292-4259-95DA-070F2ADED486}"
EndProject
Global
	GlobalSection(SolutionConfigurationPlatforms) = preSolution
		Debug|Any CPU = Debug|Any CPU
		Release|Any CPU = Release|Any CPU
	EndGlobalSection
	GlobalSection(ProjectConfigurationPlatforms) = postSolution
		{BD1E54F0-D092-486E-B767-155A130F3888}.Debug|Any CPU.ActiveCfg = Debug|Any CPU
		{BD1E54F0-D092-486E-B767-155A130F3888}.Debug|Any CPU.Build.0 = Debug|Any CPU
		{BD1E54F0-D092-486E-B767-155A130F3888}.Release|Any CPU.ActiveCfg = Release|Any CPU
		{BD1E54F0-D092-486E-B767-155A130F3888}.Release|Any CPU.Build.0 = Release|Any CPU
		{124AFFBF-5292-4259-95DA-070F2ADED486}.Debug|Any CPU.ActiveCfg = Debug|Any CPU
		{124AFFBF-5292-4259-95DA-070F2ADED486}.Debug|Any CPU.Build.0 = Debug|Any CPU
		{124AFFBF-5292-4259-95DA-070F2ADED486}.Release|Any CPU.ActiveCfg = Release|Any CPU
		{124AFFBF-5292-4259-95DA-070F2ADED486}.Release|Any CPU.Build.0 = Release|Any CPU
	EndGlobalSection
	GlobalSection(SolutionProperties) = preSolution
		HideSolutionNode = FALSE
	EndGlobalSection
	GlobalSection(ExtensibilityGlobals) = postSolution
		SolutionGuid = {15C83E9D-6970-498E-9BD1-23AFBA6213CC}
	EndGlobalSection
EndGlobal
